{
    "name": "metro",
    "version": "3.0.18",
    "lockfileVersion": 1,
    "requires": true,
    "dependencies": {
        "ajv": {
            "version": "4.11.8",
            "resolved": "https://registry.npmjs.org/ajv/-/ajv-4.11.8.tgz",
            "integrity": "sha1-gv+wKynmYq5TvcIK8VlHcGc5xTY=",
            "dev": true,
            "optional": true,
            "requires": {
                "co": "4.6.0",
                "json-stable-stringify": "1.0.1"
            }
        },
        "amdefine": {
            "version": "1.0.1",
            "resolved": "https://registry.npmjs.org/amdefine/-/amdefine-1.0.1.tgz",
            "integrity": "sha1-SlKCrBZHKek2Gbz9OtFR+BfOkfU=",
            "dev": true
        },
        "ansi-regex": {
            "version": "1.1.1",
            "resolved": "https://registry.npmjs.org/ansi-regex/-/ansi-regex-1.1.1.tgz",
            "integrity": "sha1-QchHGUZGN15qGl0Qw8oFTvn8mA0=",
            "dev": true
        },
        "ansi-styles": {
            "version": "2.2.1",
            "resolved": "https://registry.npmjs.org/ansi-styles/-/ansi-styles-2.2.1.tgz",
            "integrity": "sha1-tDLdM1i2NM914eRmQ2gkBTPB3b4=",
            "dev": true
        },
        "array-differ": {
            "version": "1.0.0",
            "resolved": "https://registry.npmjs.org/array-differ/-/array-differ-1.0.0.tgz",
            "integrity": "sha1-7/UuN1gknTO+QCuLuOVkuytdQDE=",
            "dev": true
        },
        "array-union": {
            "version": "1.0.2",
            "resolved": "https://registry.npmjs.org/array-union/-/array-union-1.0.2.tgz",
            "integrity": "sha1-mjRBDk9OPaI96jdb5b5w8kd47Dk=",
            "dev": true,
            "requires": {
                "array-uniq": "1.0.3"
            }
        },
        "array-uniq": {
            "version": "1.0.3",
            "resolved": "https://registry.npmjs.org/array-uniq/-/array-uniq-1.0.3.tgz",
            "integrity": "sha1-r2rId6Jcx/dOBYiUdThY39sk/bY=",
            "dev": true
        },
        "arrify": {
            "version": "1.0.1",
            "resolved": "https://registry.npmjs.org/arrify/-/arrify-1.0.1.tgz",
            "integrity": "sha1-iYUI2iIm84DfkEcoRWhJwVAaSw0=",
            "dev": true
        },
        "asap": {
            "version": "2.0.6",
            "resolved": "https://registry.npmjs.org/asap/-/asap-2.0.6.tgz",
            "integrity": "sha1-5QNHYR1+aQlDIIu9r+vLwvuGbUY=",
            "dev": true,
            "optional": true
        },
        "asn1": {
            "version": "0.2.3",
            "resolved": "https://registry.npmjs.org/asn1/-/asn1-0.2.3.tgz",
            "integrity": "sha1-2sh4dxPJlmhJ/IGAd36+nB3fO4Y=",
            "dev": true,
            "optional": true
        },
        "assert-plus": {
            "version": "0.2.0",
            "resolved": "https://registry.npmjs.org/assert-plus/-/assert-plus-0.2.0.tgz",
            "integrity": "sha1-104bh+ev/A24qttwIfP+SBAasjQ=",
            "dev": true,
            "optional": true
        },
        "async": {
            "version": "2.6.0",
            "resolved": "https://registry.npmjs.org/async/-/async-2.6.0.tgz",
            "integrity": "sha512-xAfGg1/NTLBBKlHFmnd7PlmUW9KhVQIUuSrYem9xzFUZy13ScvtyGGejaae9iAVRiRq9+Cx7DPFaAAhCpyxyPw==",
            "dev": true,
            "requires": {
                "lodash": "4.17.4"
            }
        },
        "asynckit": {
            "version": "0.4.0",
            "resolved": "https://registry.npmjs.org/asynckit/-/asynckit-0.4.0.tgz",
            "integrity": "sha1-x57Zf380y48robyXkLzDZkdLS3k=",
            "dev": true,
            "optional": true
        },
        "autoprefixer-core": {
            "version": "5.1.11",
            "resolved": "https://registry.npmjs.org/autoprefixer-core/-/autoprefixer-core-5.1.11.tgz",
            "integrity": "sha1-8jtyAX89Uq37dr+CDNDxEjER8P4=",
            "dev": true,
            "requires": {
                "browserslist": "0.2.0",
                "caniuse-db": "1.0.30000153",
                "num2fraction": "1.1.0",
                "postcss": "4.0.6"
            },
            "dependencies": {
                "browserslist": {
                    "version": "0.2.0",
                    "resolved": "https://registry.npmjs.org/browserslist/-/browserslist-0.2.0.tgz",
                    "integrity": "sha1-5bfPMRzMtwdyzSLU9hx7uAUj7NI=",
                    "dev": true,
                    "requires": {
                        "caniuse-db": "1.0.30000153"
                    }
                },
                "caniuse-db": {
                    "version": "1.0.30000153",
                    "resolved": "https://registry.npmjs.org/caniuse-db/-/caniuse-db-1.0.30000153.tgz",
                    "integrity": "sha1-TC6L4BnqbXAUgrvQ6R5RLhw2YAQ=",
                    "dev": true
                },
                "num2fraction": {
                    "version": "1.1.0",
                    "resolved": "https://registry.npmjs.org/num2fraction/-/num2fraction-1.1.0.tgz",
                    "integrity": "sha1-G1NRWwo0roFJCgSaVvKkoqaN05M=",
                    "dev": true
                },
                "postcss": {
                    "version": "4.0.6",
                    "resolved": "https://registry.npmjs.org/postcss/-/postcss-4.0.6.tgz",
                    "integrity": "sha1-G9HoqZ9z79tG0Rv1wgYHni0wZTg=",
                    "dev": true,
                    "requires": {
                        "js-base64": "2.1.8",
                        "source-map": "0.2.0"
                    },
                    "dependencies": {
                        "js-base64": {
                            "version": "2.1.8",
                            "resolved": "https://registry.npmjs.org/js-base64/-/js-base64-2.1.8.tgz",
                            "integrity": "sha1-QhSZI5fveX6JLa4wU4Oh2AlNVhY=",
                            "dev": true
                        },
                        "source-map": {
                            "version": "0.2.0",
                            "resolved": "https://registry.npmjs.org/source-map/-/source-map-0.2.0.tgz",
                            "integrity": "sha1-2rc/vPwrqBm03gO9b26qSBZLP50=",
                            "dev": true,
                            "requires": {
                                "amdefine": "0.1.0"
                            },
                            "dependencies": {
                                "amdefine": {
                                    "version": "0.1.0",
                                    "resolved": "https://registry.npmjs.org/amdefine/-/amdefine-0.1.0.tgz",
                                    "integrity": "sha1-PKlzXPHd4O33pL9mQXCcgCT5sic=",
                                    "dev": true
                                }
                            }
                        }
                    }
                }
            }
        },
        "aws-sign2": {
            "version": "0.6.0",
            "resolved": "https://registry.npmjs.org/aws-sign2/-/aws-sign2-0.6.0.tgz",
            "integrity": "sha1-FDQt0428yU0OW4fXY81jYSwOeU8=",
            "dev": true,
            "optional": true
        },
        "aws4": {
            "version": "1.6.0",
            "resolved": "https://registry.npmjs.org/aws4/-/aws4-1.6.0.tgz",
            "integrity": "sha1-g+9cqGCysy5KDe7e6MdxudtXRx4=",
            "dev": true,
            "optional": true
        },
        "balanced-match": {
            "version": "1.0.0",
            "resolved": "https://registry.npmjs.org/balanced-match/-/balanced-match-1.0.0.tgz",
            "integrity": "sha1-ibTRmasr7kneFk6gK4nORi1xt2c=",
            "dev": true
        },
        "bcrypt-pbkdf": {
            "version": "1.0.1",
            "resolved": "https://registry.npmjs.org/bcrypt-pbkdf/-/bcrypt-pbkdf-1.0.1.tgz",
            "integrity": "sha1-Y7xdy2EzG5K8Bf1SiVPDNGKgb40=",
            "dev": true,
            "optional": true,
            "requires": {
                "tweetnacl": "0.14.5"
            }
        },
        "boom": {
            "version": "2.10.1",
            "resolved": "https://registry.npmjs.org/boom/-/boom-2.10.1.tgz",
            "integrity": "sha1-OciRjO/1eZ+D+UkqhI9iWt0Mdm8=",
            "dev": true,
            "requires": {
                "hoek": "2.16.3"
            }
        },
        "brace-expansion": {
            "version": "1.1.8",
            "resolved": "https://registry.npmjs.org/brace-expansion/-/brace-expansion-1.1.8.tgz",
            "integrity": "sha1-wHshHHyVLsH479Uad+8NHTmQopI=",
            "dev": true,
            "requires": {
                "balanced-match": "1.0.0",
                "concat-map": "0.0.1"
            }
        },
        "caseless": {
            "version": "0.12.0",
            "resolved": "https://registry.npmjs.org/caseless/-/caseless-0.12.0.tgz",
            "integrity": "sha1-G2gcIf+EAzyCZUMJBolCDRhxUdw=",
            "dev": true,
            "optional": true
        },
        "chalk": {
            "version": "1.0.0",
            "resolved": "https://registry.npmjs.org/chalk/-/chalk-1.0.0.tgz",
            "integrity": "sha1-s89O0P9Tl8mcdbj2edsvUoMfltw=",
            "dev": true,
            "requires": {
                "ansi-styles": "2.2.1",
                "escape-string-regexp": "1.0.5",
                "has-ansi": "1.0.3",
                "strip-ansi": "2.0.1",
                "supports-color": "1.3.1"
            }
        },
        "co": {
            "version": "4.6.0",
            "resolved": "https://registry.npmjs.org/co/-/co-4.6.0.tgz",
            "integrity": "sha1-bqa989hTrlTMuOR7+gvz+QMfsYQ=",
            "dev": true,
            "optional": true
        },
        "combined-stream": {
            "version": "1.0.5",
            "resolved": "https://registry.npmjs.org/combined-stream/-/combined-stream-1.0.5.tgz",
            "integrity": "sha1-k4NwpXtKUd6ix3wV1cX9+JUWQAk=",
            "dev": true,
            "requires": {
                "delayed-stream": "1.0.0"
            }
        },
        "concat-map": {
            "version": "0.0.1",
            "resolved": "https://registry.npmjs.org/concat-map/-/concat-map-0.0.1.tgz",
            "integrity": "sha1-2Klr13/Wjfd5OnMDajug1UBdR3s=",
            "dev": true
        },
        "core-util-is": {
            "version": "1.0.2",
            "resolved": "https://registry.npmjs.org/core-util-is/-/core-util-is-1.0.2.tgz",
            "integrity": "sha1-tf1UIgqivFq1eqtxQMlAdUUDwac=",
            "dev": true,
            "optional": true
        },
        "cryptiles": {
            "version": "2.0.5",
            "resolved": "https://registry.npmjs.org/cryptiles/-/cryptiles-2.0.5.tgz",
            "integrity": "sha1-O9/s3GCBR8HGcgL6KR59ylnqo7g=",
            "dev": true,
            "optional": true,
            "requires": {
                "boom": "2.10.1"
            }
        },
        "dashdash": {
            "version": "1.14.1",
            "resolved": "https://registry.npmjs.org/dashdash/-/dashdash-1.14.1.tgz",
            "integrity": "sha1-hTz6D3y+L+1d4gMmuN1YEDX24vA=",
            "dev": true,
            "optional": true,
            "requires": {
                "assert-plus": "1.0.0"
            },
            "dependencies": {
                "assert-plus": {
                    "version": "1.0.0",
                    "resolved": "https://registry.npmjs.org/assert-plus/-/assert-plus-1.0.0.tgz",
                    "integrity": "sha1-8S4PPF13sLHN2RRpQuTpbB5N1SU=",
                    "dev": true,
                    "optional": true
                }
            }
        },
        "delayed-stream": {
            "version": "1.0.0",
            "resolved": "https://registry.npmjs.org/delayed-stream/-/delayed-stream-1.0.0.tgz",
            "integrity": "sha1-3zrhmayt+31ECqrgsp4icrJOxhk=",
            "dev": true
        },
        "diff": {
            "version": "1.3.2",
            "resolved": "https://registry.npmjs.org/diff/-/diff-1.3.2.tgz",
            "integrity": "sha1-/Qeh8fiRUZ2ZBaTJqJ3PWnC2YDc=",
            "dev": true
        },
        "ecc-jsbn": {
            "version": "0.1.1",
            "resolved": "https://registry.npmjs.org/ecc-jsbn/-/ecc-jsbn-0.1.1.tgz",
            "integrity": "sha1-D8c6ntXw1Tw4GTOYUj735UN3dQU=",
            "dev": true,
            "optional": true,
            "requires": {
                "jsbn": "0.1.1"
            }
        },
        "errno": {
            "version": "0.1.6",
            "resolved": "https://registry.npmjs.org/errno/-/errno-0.1.6.tgz",
            "integrity": "sha512-IsORQDpaaSwcDP4ZZnHxgE85werpo34VYn1Ud3mq+eUsF593faR8oCZNXrROVkpFu2TsbrNhHin0aUrTsQ9vNw==",
            "dev": true,
            "optional": true,
            "requires": {
                "prr": "1.0.1"
            }
        },
        "es6-promise": {
            "version": "2.3.0",
            "resolved": "https://registry.npmjs.org/es6-promise/-/es6-promise-2.3.0.tgz",
            "integrity": "sha1-lu258v2wGZWCKyY92KratnSBgbw=",
            "dev": true
        },
        "escape-string-regexp": {
            "version": "1.0.5",
            "resolved": "https://registry.npmjs.org/escape-string-regexp/-/escape-string-regexp-1.0.5.tgz",
            "integrity": "sha1-G2HAViGQqN/2rjuyzwIAyhMLhtQ=",
            "dev": true
        },
        "extend": {
            "version": "3.0.1",
            "resolved": "https://registry.npmjs.org/extend/-/extend-3.0.1.tgz",
            "integrity": "sha1-p1Xqe8Gt/MWjHOfnYtuq3F5jZEQ=",
            "dev": true,
            "optional": true
        },
        "extsprintf": {
            "version": "1.3.0",
            "resolved": "https://registry.npmjs.org/extsprintf/-/extsprintf-1.3.0.tgz",
            "integrity": "sha1-lpGEQOMEGnpBT4xS48V06zw+HgU=",
            "dev": true
        },
        "find-up": {
            "version": "1.1.2",
            "resolved": "https://registry.npmjs.org/find-up/-/find-up-1.1.2.tgz",
            "integrity": "sha1-ay6YIrGizgpgq2TWEOzK1TyyTQ8=",
            "dev": true,
            "requires": {
                "path-exists": "2.1.0",
                "pinkie-promise": "2.0.1"
            }
        },
        "forever-agent": {
            "version": "0.6.1",
            "resolved": "https://registry.npmjs.org/forever-agent/-/forever-agent-0.6.1.tgz",
            "integrity": "sha1-+8cfDEGt6zf5bFd60e1C2P2sypE=",
            "dev": true,
            "optional": true
        },
        "form-data": {
            "version": "2.1.4",
            "resolved": "https://registry.npmjs.org/form-data/-/form-data-2.1.4.tgz",
            "integrity": "sha1-M8GDrPGTJ27KqYFDpp6Uv+4XUNE=",
            "dev": true,
            "optional": true,
            "requires": {
                "asynckit": "0.4.0",
                "combined-stream": "1.0.5",
                "mime-types": "2.1.17"
            }
        },
        "get-stdin": {
            "version": "4.0.1",
            "resolved": "https://registry.npmjs.org/get-stdin/-/get-stdin-4.0.1.tgz",
            "integrity": "sha1-uWjGsKBDhDJJAui/Gl3zJXmkUP4=",
            "dev": true
        },
        "getpass": {
            "version": "0.1.7",
            "resolved": "https://registry.npmjs.org/getpass/-/getpass-0.1.7.tgz",
            "integrity": "sha1-Xv+OPmhNVprkyysSgmBOi6YhSfo=",
            "dev": true,
            "optional": true,
            "requires": {
                "assert-plus": "1.0.0"
            },
            "dependencies": {
                "assert-plus": {
                    "version": "1.0.0",
                    "resolved": "https://registry.npmjs.org/assert-plus/-/assert-plus-1.0.0.tgz",
                    "integrity": "sha1-8S4PPF13sLHN2RRpQuTpbB5N1SU=",
                    "dev": true,
                    "optional": true
                }
            }
        },
        "graceful-fs": {
            "version": "4.1.11",
            "resolved": "https://registry.npmjs.org/graceful-fs/-/graceful-fs-4.1.11.tgz",
            "integrity": "sha1-Dovf5NHduIVNZOBOp8AOKgJuVlg=",
            "dev": true,
            "optional": true
        },
        "grunt-autoprefixer": {
            "version": "3.0.4",
            "resolved": "https://registry.npmjs.org/grunt-autoprefixer/-/grunt-autoprefixer-3.0.4.tgz",
            "integrity": "sha1-/kLiR7z6ucKSoSwGLa1PNb3pAsU=",
            "dev": true,
            "requires": {
                "autoprefixer-core": "5.1.11",
                "chalk": "1.0.0",
                "diff": "1.3.2",
                "postcss": "4.1.16"
            }
        },
        "grunt-contrib-less": {
            "version": "1.4.1",
            "resolved": "https://registry.npmjs.org/grunt-contrib-less/-/grunt-contrib-less-1.4.1.tgz",
            "integrity": "sha1-O73sC3XRLOqlXWKUNiXAsIYc328=",
            "dev": true,
            "requires": {
                "async": "2.6.0",
                "chalk": "1.0.0",
                "less": "2.7.3",
                "lodash": "4.17.4"
            }
        },
        "har-schema": {
            "version": "1.0.5",
            "resolved": "https://registry.npmjs.org/har-schema/-/har-schema-1.0.5.tgz",
            "integrity": "sha1-0mMTX0MwfALGAq/I/pWXDAFRNp4=",
            "dev": true,
            "optional": true
        },
        "har-validator": {
            "version": "4.2.1",
            "resolved": "https://registry.npmjs.org/har-validator/-/har-validator-4.2.1.tgz",
            "integrity": "sha1-M0gdDxu/9gDdID11gSpqX7oALio=",
            "dev": true,
            "optional": true,
            "requires": {
                "ajv": "4.11.8",
                "har-schema": "1.0.5"
            }
        },
        "has-ansi": {
            "version": "1.0.3",
            "resolved": "https://registry.npmjs.org/has-ansi/-/has-ansi-1.0.3.tgz",
            "integrity": "sha1-wLWxYV2eOCsP9nFp2We0JeSMpTg=",
            "dev": true,
            "requires": {
                "ansi-regex": "1.1.1",
                "get-stdin": "4.0.1"
            }
        },
        "hawk": {
            "version": "3.1.3",
            "resolved": "https://registry.npmjs.org/hawk/-/hawk-3.1.3.tgz",
            "integrity": "sha1-B4REvXwWQLD+VA0sm3PVlnjo4cQ=",
            "dev": true,
            "optional": true,
            "requires": {
                "boom": "2.10.1",
                "cryptiles": "2.0.5",
                "hoek": "2.16.3",
                "sntp": "1.0.9"
            }
        },
        "hoek": {
            "version": "2.16.3",
            "resolved": "https://registry.npmjs.org/hoek/-/hoek-2.16.3.tgz",
            "integrity": "sha1-ILt0A9POo5jpHcRxCo/xuCdKJe0=",
            "dev": true
        },
        "http-signature": {
            "version": "1.1.1",
            "resolved": "https://registry.npmjs.org/http-signature/-/http-signature-1.1.1.tgz",
            "integrity": "sha1-33LiZwZs0Kxn+3at+OE0qPvPkb8=",
            "dev": true,
            "optional": true,
            "requires": {
                "assert-plus": "0.2.0",
                "jsprim": "1.4.1",
                "sshpk": "1.13.1"
            }
        },
        "image-size": {
            "version": "0.5.5",
            "resolved": "https://registry.npmjs.org/image-size/-/image-size-0.5.5.tgz",
            "integrity": "sha1-Cd/Uq50g4p6xw+gLiZA3jfnjy5w=",
            "dev": true,
            "optional": true
        },
        "is-typedarray": {
            "version": "1.0.0",
            "resolved": "https://registry.npmjs.org/is-typedarray/-/is-typedarray-1.0.0.tgz",
            "integrity": "sha1-5HnICFjfDBsR3dppQPlgEfzaSpo=",
            "dev": true,
            "optional": true
        },
        "isstream": {
            "version": "0.1.2",
            "resolved": "https://registry.npmjs.org/isstream/-/isstream-0.1.2.tgz",
            "integrity": "sha1-R+Y/evVa+m+S4VAOaQ64uFKcCZo=",
            "dev": true,
            "optional": true
        },
        "js-base64": {
            "version": "2.1.9",
            "resolved": "https://registry.npmjs.org/js-base64/-/js-base64-2.1.9.tgz",
            "integrity": "sha1-8OgK4DmkvWVLXygfyT8EqRSn/M4=",
            "dev": true
        },
        "jsbn": {
            "version": "0.1.1",
            "resolved": "https://registry.npmjs.org/jsbn/-/jsbn-0.1.1.tgz",
            "integrity": "sha1-peZUwuWi3rXyAdls77yoDA7y9RM=",
            "dev": true,
            "optional": true
        },
        "json-schema": {
            "version": "0.2.3",
            "resolved": "https://registry.npmjs.org/json-schema/-/json-schema-0.2.3.tgz",
            "integrity": "sha1-tIDIkuWaLwWVTOcnvT8qTogvnhM=",
            "dev": true,
            "optional": true
        },
        "json-stable-stringify": {
            "version": "1.0.1",
            "resolved": "https://registry.npmjs.org/json-stable-stringify/-/json-stable-stringify-1.0.1.tgz",
            "integrity": "sha1-mnWdOcXy/1A/1TAGRu1EX4jE+a8=",
            "dev": true,
            "optional": true,
            "requires": {
                "jsonify": "0.0.0"
            }
        },
        "json-stringify-safe": {
            "version": "5.0.1",
            "resolved": "https://registry.npmjs.org/json-stringify-safe/-/json-stringify-safe-5.0.1.tgz",
            "integrity": "sha1-Epai1Y/UXxmg9s4B1lcB4sc1tus=",
            "dev": true,
            "optional": true
        },
        "jsonify": {
            "version": "0.0.0",
            "resolved": "https://registry.npmjs.org/jsonify/-/jsonify-0.0.0.tgz",
            "integrity": "sha1-LHS27kHZPKUbe1qu6PUDYx0lKnM=",
            "dev": true,
            "optional": true
        },
        "jsprim": {
            "version": "1.4.1",
            "resolved": "https://registry.npmjs.org/jsprim/-/jsprim-1.4.1.tgz",
            "integrity": "sha1-MT5mvB5cwG5Di8G3SZwuXFastqI=",
            "dev": true,
            "optional": true,
            "requires": {
                "assert-plus": "1.0.0",
                "extsprintf": "1.3.0",
                "json-schema": "0.2.3",
                "verror": "1.10.0"
            },
            "dependencies": {
                "assert-plus": {
                    "version": "1.0.0",
                    "resolved": "https://registry.npmjs.org/assert-plus/-/assert-plus-1.0.0.tgz",
                    "integrity": "sha1-8S4PPF13sLHN2RRpQuTpbB5N1SU=",
                    "dev": true,
                    "optional": true
                }
            }
        },
        "less": {
            "version": "2.7.3",
            "resolved": "https://registry.npmjs.org/less/-/less-2.7.3.tgz",
            "integrity": "sha512-KPdIJKWcEAb02TuJtaLrhue0krtRLoRoo7x6BNJIBelO00t/CCdJQUnHW5V34OnHMWzIktSalJxRO+FvytQlCQ==",
            "dev": true,
            "requires": {
                "errno": "0.1.6",
                "graceful-fs": "4.1.11",
                "image-size": "0.5.5",
                "mime": "1.6.0",
                "mkdirp": "0.5.1",
                "promise": "7.3.1",
                "request": "2.81.0",
                "source-map": "0.5.7"
            },
            "dependencies": {
                "source-map": {
                    "version": "0.5.7",
                    "resolved": "https://registry.npmjs.org/source-map/-/source-map-0.5.7.tgz",
                    "integrity": "sha1-igOdLRAh0i0eoUyA2OpGi6LvP8w=",
                    "dev": true,
                    "optional": true
                }
            }
        },
        "load-grunt-tasks": {
            "version": "3.5.2",
            "resolved": "https://registry.npmjs.org/load-grunt-tasks/-/load-grunt-tasks-3.5.2.tgz",
            "integrity": "sha1-ByhWEYD9IP+KaSdQWFL8WKrqDIg=",
            "dev": true,
            "requires": {
                "arrify": "1.0.1",
                "multimatch": "2.1.0",
                "pkg-up": "1.0.0",
                "resolve-pkg": "0.1.0"
            }
        },
        "lodash": {
            "version": "4.17.4",
            "resolved": "https://registry.npmjs.org/lodash/-/lodash-4.17.4.tgz",
            "integrity": "sha1-eCA6TRwyiuHYbcpkYONptX9AVa4=",
            "dev": true
        },
        "mime": {
            "version": "1.6.0",
            "resolved": "https://registry.npmjs.org/mime/-/mime-1.6.0.tgz",
            "integrity": "sha512-x0Vn8spI+wuJ1O6S7gnbaQg8Pxh4NNHb7KSINmEWKiPE4RKOplvijn+NkmYmmRgP68mc70j2EbeTFRsrswaQeg==",
            "dev": true,
            "optional": true
        },
        "mime-db": {
            "version": "1.30.0",
            "resolved": "https://registry.npmjs.org/mime-db/-/mime-db-1.30.0.tgz",
            "integrity": "sha1-dMZD2i3Z1qRTmZY0ZbJtXKfXHwE=",
            "dev": true
        },
        "mime-types": {
            "version": "2.1.17",
            "resolved": "https://registry.npmjs.org/mime-types/-/mime-types-2.1.17.tgz",
            "integrity": "sha1-Cdejk/A+mVp5+K+Fe3Cp4KsWVXo=",
            "dev": true,
            "requires": {
                "mime-db": "1.30.0"
            }
        },
        "minimatch": {
            "version": "3.0.4",
            "resolved": "https://registry.npmjs.org/minimatch/-/minimatch-3.0.4.tgz",
            "integrity": "sha512-yJHVQEhyqPLUTgt9B83PXu6W3rx4MvvHvSUvToogpwoGDOUQ+yDrR0HRot+yOCdCO7u4hX3pWft6kWBBcqh0UA==",
            "dev": true,
            "requires": {
                "brace-expansion": "1.1.8"
            }
        },
        "minimist": {
            "version": "0.0.8",
            "resolved": "https://registry.npmjs.org/minimist/-/minimist-0.0.8.tgz",
            "integrity": "sha1-hX/Kv8M5fSYluCKCYuhqp6ARsF0=",
            "dev": true,
            "optional": true
        },
        "mkdirp": {
            "version": "0.5.1",
            "resolved": "https://registry.npmjs.org/mkdirp/-/mkdirp-0.5.1.tgz",
            "integrity": "sha1-MAV0OOrGz3+MR2fzhkjWaX11yQM=",
            "dev": true,
            "optional": true,
            "requires": {
                "minimist": "0.0.8"
            }
        },
        "multimatch": {
            "version": "2.1.0",
            "resolved": "https://registry.npmjs.org/multimatch/-/multimatch-2.1.0.tgz",
            "integrity": "sha1-nHkGoi+0wCkZ4vX3UWG0zb1LKis=",
            "dev": true,
            "requires": {
                "array-differ": "1.0.0",
                "array-union": "1.0.2",
                "arrify": "1.0.1",
                "minimatch": "3.0.4"
            }
        },
        "oauth-sign": {
            "version": "0.8.2",
            "resolved": "https://registry.npmjs.org/oauth-sign/-/oauth-sign-0.8.2.tgz",
            "integrity": "sha1-Rqarfwrq2N6unsBWV4C31O/rnUM=",
            "dev": true,
            "optional": true
        },
        "path-exists": {
            "version": "2.1.0",
            "resolved": "https://registry.npmjs.org/path-exists/-/path-exists-2.1.0.tgz",
            "integrity": "sha1-D+tsZPD8UY2adU3V77YscCJ2H0s=",
            "dev": true,
            "requires": {
                "pinkie-promise": "2.0.1"
            }
        },
        "performance-now": {
            "version": "0.2.0",
            "resolved": "https://registry.npmjs.org/performance-now/-/performance-now-0.2.0.tgz",
            "integrity": "sha1-M+8wxcd9TqIcWlOGnZG1bY8lVeU=",
            "dev": true,
            "optional": true
        },
        "pinkie": {
            "version": "2.0.4",
            "resolved": "https://registry.npmjs.org/pinkie/-/pinkie-2.0.4.tgz",
            "integrity": "sha1-clVrgM+g1IqXToDnckjoDtT3+HA=",
            "dev": true
        },
        "pinkie-promise": {
            "version": "2.0.1",
            "resolved": "https://registry.npmjs.org/pinkie-promise/-/pinkie-promise-2.0.1.tgz",
            "integrity": "sha1-ITXW36ejWMBprJsXh3YogihFD/o=",
            "dev": true,
            "requires": {
                "pinkie": "2.0.4"
            }
        },
        "pkg-up": {
            "version": "1.0.0",
            "resolved": "https://registry.npmjs.org/pkg-up/-/pkg-up-1.0.0.tgz",
            "integrity": "sha1-Pgj7RhUlxEIWJKM7n35tCvWwWiY=",
            "dev": true,
            "requires": {
                "find-up": "1.1.2"
            }
        },
        "postcss": {
            "version": "4.1.16",
            "resolved": "https://registry.npmjs.org/postcss/-/postcss-4.1.16.tgz",
            "integrity": "sha1-TESbTIr53zyvbTf44eV10DYXWNw=",
            "dev": true,
            "requires": {
                "es6-promise": "2.3.0",
                "js-base64": "2.1.9",
                "source-map": "0.4.4"
            }
        },
        "promise": {
            "version": "7.3.1",
            "resolved": "https://registry.npmjs.org/promise/-/promise-7.3.1.tgz",
            "integrity": "sha512-nolQXZ/4L+bP/UGlkfaIujX9BKxGwmQ9OT4mOt5yvy8iK1h3wqTEJCijzGANTCCl9nWjY41juyAn2K3Q1hLLTg==",
            "dev": true,
            "optional": true,
            "requires": {
                "asap": "2.0.6"
            }
        },
        "prr": {
            "version": "1.0.1",
            "resolved": "https://registry.npmjs.org/prr/-/prr-1.0.1.tgz",
            "integrity": "sha1-0/wRS6BplaRexok/SEzrHXj19HY=",
            "dev": true,
            "optional": true
        },
        "punycode": {
            "version": "1.4.1",
            "resolved": "https://registry.npmjs.org/punycode/-/punycode-1.4.1.tgz",
            "integrity": "sha1-wNWmOycYgArY4esPpSachN1BhF4=",
            "dev": true,
            "optional": true
        },
        "qs": {
            "version": "6.4.0",
            "resolved": "https://registry.npmjs.org/qs/-/qs-6.4.0.tgz",
            "integrity": "sha1-E+JtKK1rD/qpExLNO/cI7TUecjM=",
            "dev": true,
            "optional": true
        },
        "request": {
            "version": "2.81.0",
            "resolved": "https://registry.npmjs.org/request/-/request-2.81.0.tgz",
            "integrity": "sha1-xpKJRqDgbF+Nb4qTM0af/aRimKA=",
            "dev": true,
            "optional": true,
            "requires": {
                "aws-sign2": "0.6.0",
                "aws4": "1.6.0",
                "caseless": "0.12.0",
                "combined-stream": "1.0.5",
                "extend": "3.0.1",
                "forever-agent": "0.6.1",
                "form-data": "2.1.4",
                "har-validator": "4.2.1",
                "hawk": "3.1.3",
                "http-signature": "1.1.1",
                "is-typedarray": "1.0.0",
                "isstream": "0.1.2",
                "json-stringify-safe": "5.0.1",
                "mime-types": "2.1.17",
                "oauth-sign": "0.8.2",
                "performance-now": "0.2.0",
                "qs": "6.4.0",
                "safe-buffer": "5.1.1",
                "stringstream": "0.0.5",
                "tough-cookie": "2.3.3",
                "tunnel-agent": "0.6.0",
                "uuid": "3.2.1"
            }
        },
        "resolve-from": {
            "version": "2.0.0",
            "resolved": "https://registry.npmjs.org/resolve-from/-/resolve-from-2.0.0.tgz",
            "integrity": "sha1-lICrIOlP+h2egKgEx+oUdhGWa1c=",
            "dev": true
        },
        "resolve-pkg": {
            "version": "0.1.0",
            "resolved": "https://registry.npmjs.org/resolve-pkg/-/resolve-pkg-0.1.0.tgz",
            "integrity": "sha1-AsyZNBDik2livZcWahsHfalyVTE=",
            "dev": true,
            "requires": {
                "resolve-from": "2.0.0"
            }
        },
        "safe-buffer": {
            "version": "5.1.1",
            "resolved": "https://registry.npmjs.org/safe-buffer/-/safe-buffer-5.1.1.tgz",
            "integrity": "sha512-kKvNJn6Mm93gAczWVJg7wH+wGYWNrDHdWvpUmHyEsgCtIwwo3bqPtV4tR5tuPaUhTOo/kvhVwd8XwwOllGYkbg==",
            "dev": true
        },
        "sntp": {
            "version": "1.0.9",
            "resolved": "https://registry.npmjs.org/sntp/-/sntp-1.0.9.tgz",
            "integrity": "sha1-ZUEYTMkK7qbG57NeJlkIJEPGYZg=",
            "dev": true,
            "optional": true,
            "requires": {
                "hoek": "2.16.3"
            }
        },
        "source-map": {
            "version": "0.4.4",
            "resolved": "https://registry.npmjs.org/source-map/-/source-map-0.4.4.tgz",
            "integrity": "sha1-66T12pwNyZneaAMti092FzZSA2s=",
            "dev": true,
            "requires": {
                "amdefine": "1.0.1"
            }
        },
        "sshpk": {
            "version": "1.13.1",
            "resolved": "https://registry.npmjs.org/sshpk/-/sshpk-1.13.1.tgz",
            "integrity": "sha1-US322mKHFEMW3EwY/hzx2UBzm+M=",
            "dev": true,
            "optional": true,
            "requires": {
                "asn1": "0.2.3",
                "assert-plus": "1.0.0",
                "bcrypt-pbkdf": "1.0.1",
                "dashdash": "1.14.1",
                "ecc-jsbn": "0.1.1",
                "getpass": "0.1.7",
                "jsbn": "0.1.1",
                "tweetnacl": "0.14.5"
            },
            "dependencies": {
                "assert-plus": {
                    "version": "1.0.0",
                    "resolved": "https://registry.npmjs.org/assert-plus/-/assert-plus-1.0.0.tgz",
                    "integrity": "sha1-8S4PPF13sLHN2RRpQuTpbB5N1SU=",
                    "dev": true,
                    "optional": true
                }
            }
        },
        "stringstream": {
            "version": "0.0.5",
            "resolved": "https://registry.npmjs.org/stringstream/-/stringstream-0.0.5.tgz",
            "integrity": "sha1-TkhM1N5aC7vuGORjB3EKioFiGHg=",
            "dev": true,
            "optional": true
        },
        "strip-ansi": {
            "version": "2.0.1",
            "resolved": "https://registry.npmjs.org/strip-ansi/-/strip-ansi-2.0.1.tgz",
            "integrity": "sha1-32LBqpTtLxFOHQ8h/R1QSCt5pg4=",
            "dev": true,
            "requires": {
                "ansi-regex": "1.1.1"
            }
        },
        "supports-color": {
            "version": "1.3.1",
            "resolved": "https://registry.npmjs.org/supports-color/-/supports-color-1.3.1.tgz",
            "integrity": "sha1-FXWN8J2P87SswwdTn6vicJXhBC0=",
            "dev": true
        },
        "tough-cookie": {
            "version": "2.3.3",
            "resolved": "https://registry.npmjs.org/tough-cookie/-/tough-cookie-2.3.3.tgz",
            "integrity": "sha1-C2GKVWW23qkL80JdBNVe3EdadWE=",
            "dev": true,
            "optional": true,
            "requires": {
                "punycode": "1.4.1"
            }
        },
        "tunnel-agent": {
            "version": "0.6.0",
            "resolved": "https://registry.npmjs.org/tunnel-agent/-/tunnel-agent-0.6.0.tgz",
            "integrity": "sha1-J6XeoGs2sEoKmWZ3SykIaPD8QP0=",
            "dev": true,
            "optional": true,
            "requires": {
                "safe-buffer": "5.1.1"
            }
        },
        "tweetnacl": {
            "version": "0.14.5",
            "resolved": "https://registry.npmjs.org/tweetnacl/-/tweetnacl-0.14.5.tgz",
            "integrity": "sha1-WuaBd/GS1EViadEIr6k/+HQ/T2Q=",
            "dev": true,
            "optional": true
        },
        "uuid": {
            "version": "3.2.1",
            "resolved": "https://registry.npmjs.org/uuid/-/uuid-3.2.1.tgz",
            "integrity": "sha512-jZnMwlb9Iku/O3smGWvZhauCf6cvvpKi4BKRiliS3cxnI+Gz9j5MEpTz2UFuXiKPJocb7gnsLHwiS05ige5BEA==",
            "dev": true,
            "optional": true
        },
        "verror": {
            "version": "1.10.0",
            "resolved": "https://registry.npmjs.org/verror/-/verror-1.10.0.tgz",
            "integrity": "sha1-OhBcoXBTr1XW4nDB+CiGguGNpAA=",
            "dev": true,
            "optional": true,
            "requires": {
                "assert-plus": "1.0.0",
                "core-util-is": "1.0.2",
                "extsprintf": "1.3.0"
            },
            "dependencies": {
                "assert-plus": {
                    "version": "1.0.0",
                    "resolved": "https://registry.npmjs.org/assert-plus/-/assert-plus-1.0.0.tgz",
                    "integrity": "sha1-8S4PPF13sLHN2RRpQuTpbB5N1SU=",
                    "dev": true,
                    "optional": true
                }
            }
        }
    }
}
